{
  "object": {
    "pins": [
      {
        "package": "BinaryCodable",
        "repositoryURL": "https://github.com/jverkoey/BinaryCodable",
        "state": {
          "branch": null,
          "revision": "2d4834e4972c46bdb3ec59d025ba29b7e9b7522b",
          "version": null
        }
      },
      {
        "package": "BinaryCookies",
        "repositoryURL": "https://github.com/jannis-baum/BinaryCookies.git",
        "state": {
          "branch": "master",
          "revision": "d4cd583031db75c71532975fe282f46d86854cdc",
          "version": null
        }
      }
    ]
  },
  "version": 1
}
